
Microsoft Visual Studio Solution File, Format Version 12.00
# Visual Studio Version 16
VisualStudioVersion = 16.0.32901.82
MinimumVisualStudioVersion = 10.0.40219.1
Project("{FAE04EC0-301F-11D3-BF4B-00C04F79EFBC}") = "Data_analis", "Data_analis\Data_analis.csproj", "{640D3DD4-DF40-41A6-82B2-A793200EB105}"
EndProject
Global
	GlobalSection(SolutionConfigurationPlatforms) = preSolution
		Debug|Any CPU = Debug|Any CPU
		Release|Any CPU = Release|Any CPU
	EndGlobalSection
	GlobalSection(ProjectConfigurationPlatforms) = postSolution
		{640D3DD4-DF40-41A6-82B2-A793200EB105}.Debug|Any CPU.ActiveCfg = Debug|Any CPU
		{640D3DD4-DF40-41A6-82B2-A793200EB105}.Debug|Any CPU.Build.0 = Debug|Any CPU
		{640D3DD4-DF40-41A6-82B2-A793200EB105}.Release|Any CPU.ActiveCfg = Release|Any CPU
		{640D3DD4-DF40-41A6-82B2-A793200EB105}.Release|Any CPU.Build.0 = Release|Any CPU
	EndGlobalSection
	GlobalSection(SolutionProperties) = preSolution
		HideSolutionNode = FALSE
	EndGlobalSection
	GlobalSection(ExtensibilityGlobals) = postSolution
		SolutionGuid = {7662C7D2-072E-49A1-953D-C87CE38B76ED}
	EndGlobalSection
EndGlobal
